
Microsoft Visual Studio Solution File, Format Version 12.00
# Visual Studio Version 17
VisualStudioVersion = 17.9.34622.214
MinimumVisualStudioVersion = 10.0.40219.1
Project("{FAE04EC0-301F-11D3-BF4B-00C04F79EFBC}") = "WebApi", "WebApi\WebApi.csproj", "{D21F6436-06DD-4FB6-9A95-DACA564D8D66}"
EndProject
Project("{FAE04EC0-301F-11D3-BF4B-00C04F79EFBC}") = "Business", "Business\Business.csproj", "{59A8E25A-15F7-4BE1-8C96-7C6C43B74792}"
EndProject
Project("{FAE04EC0-301F-11D3-BF4B-00C04F79EFBC}") = "DataAccess", "DataAccess\DataAccess.csproj", "{8CBE3C36-E1B8-43A6-BC64-FC81F37413F4}"
EndProject
Project("{FAE04EC0-301F-11D3-BF4B-00C04F79EFBC}") = "Entities", "Entities\Entities.csproj", "{99A95454-4498-455E-9CC6-88F516C88C76}"
EndProject
Project("{FAE04EC0-301F-11D3-BF4B-00C04F79EFBC}") = "Core", "Core\Core.csproj", "{03DD747C-AC81-43BA-99E8-BE6037F28BD2}"
EndProject
Global
	GlobalSection(SolutionConfigurationPlatforms) = preSolution
		Debug|Any CPU = Debug|Any CPU
		Release|Any CPU = Release|Any CPU
	EndGlobalSection
	GlobalSection(ProjectConfigurationPlatforms) = postSolution
		{D21F6436-06DD-4FB6-9A95-DACA564D8D66}.Debug|Any CPU.ActiveCfg = Debug|Any CPU
		{D21F6436-06DD-4FB6-9A95-DACA564D8D66}.Debug|Any CPU.Build.0 = Debug|Any CPU
		{D21F6436-06DD-4FB6-9A95-DACA564D8D66}.Release|Any CPU.ActiveCfg = Release|Any CPU
		{D21F6436-06DD-4FB6-9A95-DACA564D8D66}.Release|Any CPU.Build.0 = Release|Any CPU
		{59A8E25A-15F7-4BE1-8C96-7C6C43B74792}.Debug|Any CPU.ActiveCfg = Debug|Any CPU
		{59A8E25A-15F7-4BE1-8C96-7C6C43B74792}.Debug|Any CPU.Build.0 = Debug|Any CPU
		{59A8E25A-15F7-4BE1-8C96-7C6C43B74792}.Release|Any CPU.ActiveCfg = Release|Any CPU
		{59A8E25A-15F7-4BE1-8C96-7C6C43B74792}.Release|Any CPU.Build.0 = Release|Any CPU
		{8CBE3C36-E1B8-43A6-BC64-FC81F37413F4}.Debug|Any CPU.ActiveCfg = Debug|Any CPU
		{8CBE3C36-E1B8-43A6-BC64-FC81F37413F4}.Debug|Any CPU.Build.0 = Debug|Any CPU
		{8CBE3C36-E1B8-43A6-BC64-FC81F37413F4}.Release|Any CPU.ActiveCfg = Release|Any CPU
		{8CBE3C36-E1B8-43A6-BC64-FC81F37413F4}.Release|Any CPU.Build.0 = Release|Any CPU
		{99A95454-4498-455E-9CC6-88F516C88C76}.Debug|Any CPU.ActiveCfg = Debug|Any CPU
		{99A95454-4498-455E-9CC6-88F516C88C76}.Debug|Any CPU.Build.0 = Debug|Any CPU
		{99A95454-4498-455E-9CC6-88F516C88C76}.Release|Any CPU.ActiveCfg = Release|Any CPU
		{99A95454-4498-455E-9CC6-88F516C88C76}.Release|Any CPU.Build.0 = Release|Any CPU
		{03DD747C-AC81-43BA-99E8-BE6037F28BD2}.Debug|Any CPU.ActiveCfg = Debug|Any CPU
		{03DD747C-AC81-43BA-99E8-BE6037F28BD2}.Debug|Any CPU.Build.0 = Debug|Any CPU
		{03DD747C-AC81-43BA-99E8-BE6037F28BD2}.Release|Any CPU.ActiveCfg = Release|Any CPU
		{03DD747C-AC81-43BA-99E8-BE6037F28BD2}.Release|Any CPU.Build.0 = Release|Any CPU
	EndGlobalSection
	GlobalSection(SolutionProperties) = preSolution
		HideSolutionNode = FALSE
	EndGlobalSection
	GlobalSection(ExtensibilityGlobals) = postSolution
		SolutionGuid = {5F099F36-4403-4272-8C58-E658079D006A}
	EndGlobalSection
EndGlobal
